{
  "version": 4,
  "terraform_version": "1.7.5",
  "serial": 15,
  "lineage": "368817e5-63ea-f601-225a-b4d2c2fe8d24",
  "outputs": {
    "public_ip": {
      "value": "20.185.191.147",
      "type": "string"
    }
  },
  "resources": [
    {
      "mode": "managed",
      "type": "azurerm_linux_virtual_machine",
      "name": "web",
      "provider": "provider[\"registry.terraform.io/hashicorp/azurerm\"]",
      "instances": [
        {
          "status": "tainted",
          "schema_version": 0,
          "attributes": {
            "additional_capabilities": [],
            "admin_password": "rajo@1234!",
            "admin_ssh_key": [
              {
                "public_key": "ssh-rsa AAAAB3NzaC1yc2EAAAADAQABAAACAQC7LjGCFv8H7jDX+YbedLPzLmga3DOyv63KrhAeytSfH1WvxEwcJNyg+I4eJ48QW4GJZmbj+al3gs+yz7BV2QYNohTrpa8oWmxaJH+2Wpku0VzirMPamwBw/VYPMsvxtofHq23RolZj2hq6EpE/seAGWeCuGjzTKQrR/l9ZDOlBTNI1p2vxM9Hsy/Bt3F4lSwDWKgUDTtdfXzkz/lxs6T8bOX1MwAPuKKgN8yKOHluHSBQoS0epN60D/UQP441b9YX5jWgD+hfs4ijNIjNrj1qxmbExP342wceeBPlxuRmdDJOTG0hZu8dFfTJjrjHAq/It+H4/gt8brYdVHYP9QgeSuHklQGqo71IOCFeNQwJp9XcVwG0UGF3tzPTprJykxTDe545WAW7Q2jAmJvkuPWgd0fpGOtupxM51nQgCtkPFqP+gQp6n0Ia1wXwYXjk30ufrEbDhpexTHQVXefslpES2Y172ANtdf7wn8hnKVaqSWE2GaAD+z+ssWcnEnK2+muhx5xfMH5gNoTc/DJX6csE4pcCyz7i8D54hpfV3yHyCq7VGyDhlCz968WSnswV44Pq3JCPtz34ndBwcBce/BxCDjcs7uSkdLv3osMcWmQW47oXcKrPlImhRehEf31lwjmo3FTdUTeLYRtDA5drLprXkjNYpaeZfbPYG/0OnzwimbQ== rajo@OlayodeRaji\n",
                "username": "azureuser"
              }
            ],
            "admin_username": "azureuser",
            "allow_extension_operations": true,
            "availability_set_id": "",
            "boot_diagnostics": [],
            "bypass_platform_safety_checks_on_user_schedule_enabled": false,
            "capacity_reservation_group_id": "",
            "computer_name": "web-vm",
            "custom_data": null,
            "dedicated_host_group_id": "",
            "dedicated_host_id": "",
            "disable_password_authentication": true,
            "disk_controller_type": "",
            "edge_zone": "",
            "encryption_at_host_enabled": false,
            "eviction_policy": "",
            "extensions_time_budget": "PT1H30M",
            "gallery_application": [],
            "id": "/subscriptions/4f2706c2-4cdd-462f-a8fa-cf54d7b34282/resourceGroups/web-resources/providers/Microsoft.Compute/virtualMachines/web-vm",
            "identity": [],
            "license_type": "",
            "location": "eastus",
            "max_bid_price": -1,
            "name": "web-vm",
            "network_interface_ids": [
              "/subscriptions/4f2706c2-4cdd-462f-a8fa-cf54d7b34282/resourceGroups/web-resources/providers/Microsoft.Network/networkInterfaces/web-nic"
            ],
            "os_disk": [
              {
                "caching": "ReadWrite",
                "diff_disk_settings": [],
                "disk_encryption_set_id": "",
                "disk_size_gb": 30,
                "name": "web-vm_OsDisk_1_852dd008d30f448c8d438e41d74e8c65",
                "secure_vm_disk_encryption_set_id": "",
                "security_encryption_type": "",
                "storage_account_type": "Standard_LRS",
                "write_accelerator_enabled": false
              }
            ],
            "os_image_notification": [],
            "patch_assessment_mode": "ImageDefault",
            "patch_mode": "ImageDefault",
            "plan": [],
            "platform_fault_domain": -1,
            "priority": "Regular",
            "private_ip_address": "10.0.1.4",
            "private_ip_addresses": [
              "10.0.1.4"
            ],
            "provision_vm_agent": true,
            "proximity_placement_group_id": "",
            "public_ip_address": "23.96.108.114",
            "public_ip_addresses": [
              "23.96.108.114"
            ],
            "reboot_setting": "",
            "resource_group_name": "web-resources",
            "secret": [],
            "secure_boot_enabled": false,
            "size": "Standard_DS1_v2",
            "source_image_id": "",
            "source_image_reference": [
              {
                "offer": "UbuntuServer",
                "publisher": "Canonical",
                "sku": "18.04-LTS",
                "version": "latest"
              }
            ],
            "tags": null,
            "termination_notification": null,
            "timeouts": null,
            "user_data": "",
            "virtual_machine_id": "778a7816-70e6-4915-bf4d-fe1d5278a88c",
            "virtual_machine_scale_set_id": "",
            "vm_agent_platform_updates_enabled": false,
            "vtpm_enabled": false,
            "zone": ""
          },
          "sensitive_attributes": [],
          "private": "eyJlMmJmYjczMC1lY2FhLTExZTYtOGY4OC0zNDM2M2JjN2M0YzAiOnsiY3JlYXRlIjoyNzAwMDAwMDAwMDAwLCJkZWxldGUiOjI3MDAwMDAwMDAwMDAsInJlYWQiOjMwMDAwMDAwMDAwMCwidXBkYXRlIjoyNzAwMDAwMDAwMDAwfX0=",
          "dependencies": [
            "azurerm_network_interface.web",
            "azurerm_public_ip.web",
            "azurerm_resource_group.web",
            "azurerm_subnet.internal",
            "azurerm_virtual_network.web"
          ]
        }
      ]
    },
    {
      "mode": "managed",
      "type": "azurerm_network_interface",
      "name": "web",
      "provider": "provider[\"registry.terraform.io/hashicorp/azurerm\"]",
      "instances": [
        {
          "schema_version": 0,
          "attributes": {
            "applied_dns_servers": [],
            "auxiliary_mode": "",
            "auxiliary_sku": "",
            "dns_servers": [],
            "edge_zone": "",
            "enable_accelerated_networking": false,
            "enable_ip_forwarding": false,
            "id": "/subscriptions/4f2706c2-4cdd-462f-a8fa-cf54d7b34282/resourceGroups/web-resources/providers/Microsoft.Network/networkInterfaces/web-nic",
            "internal_dns_name_label": "",
            "internal_domain_name_suffix": "lm10xzyjp0kutiqqta5drmjoxf.bx.internal.cloudapp.net",
            "ip_configuration": [
              {
                "gateway_load_balancer_frontend_ip_configuration_id": "",
                "name": "internal",
                "primary": true,
                "private_ip_address": "10.0.1.4",
                "private_ip_address_allocation": "Dynamic",
                "private_ip_address_version": "IPv4",
                "public_ip_address_id": "/subscriptions/4f2706c2-4cdd-462f-a8fa-cf54d7b34282/resourceGroups/web-resources/providers/Microsoft.Network/publicIPAddresses/web-public-ip",
                "subnet_id": "/subscriptions/4f2706c2-4cdd-462f-a8fa-cf54d7b34282/resourceGroups/web-resources/providers/Microsoft.Network/virtualNetworks/web-network/subnets/internal"
              }
            ],
            "location": "eastus",
            "mac_address": "7C-1E-52-16-CC-C2",
            "name": "web-nic",
            "private_ip_address": "10.0.1.4",
            "private_ip_addresses": [
              "10.0.1.4"
            ],
            "resource_group_name": "web-resources",
            "tags": {},
            "timeouts": null,
            "virtual_machine_id": "/subscriptions/4f2706c2-4cdd-462f-a8fa-cf54d7b34282/resourceGroups/web-resources/providers/Microsoft.Compute/virtualMachines/web-vm"
          },
          "sensitive_attributes": [],
          "private": "eyJlMmJmYjczMC1lY2FhLTExZTYtOGY4OC0zNDM2M2JjN2M0YzAiOnsiY3JlYXRlIjoxODAwMDAwMDAwMDAwLCJkZWxldGUiOjE4MDAwMDAwMDAwMDAsInJlYWQiOjMwMDAwMDAwMDAwMCwidXBkYXRlIjoxODAwMDAwMDAwMDAwfX0=",
          "dependencies": [
            "azurerm_public_ip.web",
            "azurerm_resource_group.web",
            "azurerm_subnet.internal",
            "azurerm_virtual_network.web"
          ]
        }
      ]
    },
    {
      "mode": "managed",
      "type": "azurerm_public_ip",
      "name": "web",
      "provider": "provider[\"registry.terraform.io/hashicorp/azurerm\"]",
      "instances": [
        {
          "schema_version": 0,
          "attributes": {
            "allocation_method": "Dynamic",
            "ddos_protection_mode": "VirtualNetworkInherited",
            "ddos_protection_plan_id": null,
            "domain_name_label": null,
            "edge_zone": "",
            "fqdn": null,
            "id": "/subscriptions/4f2706c2-4cdd-462f-a8fa-cf54d7b34282/resourceGroups/web-resources/providers/Microsoft.Network/publicIPAddresses/web-public-ip",
            "idle_timeout_in_minutes": 4,
            "ip_address": "20.185.191.147",
            "ip_tags": {},
            "ip_version": "IPv4",
            "location": "eastus",
            "name": "web-public-ip",
            "public_ip_prefix_id": null,
            "resource_group_name": "web-resources",
            "reverse_fqdn": null,
            "sku": "Basic",
            "sku_tier": "Regional",
            "tags": {},
            "timeouts": null,
            "zones": []
          },
          "sensitive_attributes": [],
          "private": "eyJlMmJmYjczMC1lY2FhLTExZTYtOGY4OC0zNDM2M2JjN2M0YzAiOnsiY3JlYXRlIjoxODAwMDAwMDAwMDAwLCJkZWxldGUiOjE4MDAwMDAwMDAwMDAsInJlYWQiOjMwMDAwMDAwMDAwMCwidXBkYXRlIjoxODAwMDAwMDAwMDAwfX0=",
          "dependencies": [
            "azurerm_resource_group.web"
          ]
        }
      ]
    },
    {
      "mode": "managed",
      "type": "azurerm_resource_group",
      "name": "web",
      "provider": "provider[\"registry.terraform.io/hashicorp/azurerm\"]",
      "instances": [
        {
          "schema_version": 0,
          "attributes": {
            "id": "/subscriptions/4f2706c2-4cdd-462f-a8fa-cf54d7b34282/resourceGroups/web-resources",
            "location": "eastus",
            "managed_by": "",
            "name": "web-resources",
            "tags": {},
            "timeouts": null
          },
          "sensitive_attributes": [],
          "private": "eyJlMmJmYjczMC1lY2FhLTExZTYtOGY4OC0zNDM2M2JjN2M0YzAiOnsiY3JlYXRlIjo1NDAwMDAwMDAwMDAwLCJkZWxldGUiOjU0MDAwMDAwMDAwMDAsInJlYWQiOjMwMDAwMDAwMDAwMCwidXBkYXRlIjo1NDAwMDAwMDAwMDAwfX0="
        }
      ]
    },
    {
      "mode": "managed",
      "type": "azurerm_subnet",
      "name": "internal",
      "provider": "provider[\"registry.terraform.io/hashicorp/azurerm\"]",
      "instances": [
        {
          "schema_version": 0,
          "attributes": {
            "address_prefixes": [
              "10.0.1.0/24"
            ],
            "delegation": [],
            "enforce_private_link_endpoint_network_policies": false,
            "enforce_private_link_service_network_policies": false,
            "id": "/subscriptions/4f2706c2-4cdd-462f-a8fa-cf54d7b34282/resourceGroups/web-resources/providers/Microsoft.Network/virtualNetworks/web-network/subnets/internal",
            "name": "internal",
            "private_endpoint_network_policies_enabled": true,
            "private_link_service_network_policies_enabled": true,
            "resource_group_name": "web-resources",
            "service_endpoint_policy_ids": [],
            "service_endpoints": [],
            "timeouts": null,
            "virtual_network_name": "web-network"
          },
          "sensitive_attributes": [],
          "private": "eyJlMmJmYjczMC1lY2FhLTExZTYtOGY4OC0zNDM2M2JjN2M0YzAiOnsiY3JlYXRlIjoxODAwMDAwMDAwMDAwLCJkZWxldGUiOjE4MDAwMDAwMDAwMDAsInJlYWQiOjMwMDAwMDAwMDAwMCwidXBkYXRlIjoxODAwMDAwMDAwMDAwfX0=",
          "dependencies": [
            "azurerm_resource_group.web",
            "azurerm_virtual_network.web"
          ]
        }
      ]
    },
    {
      "mode": "managed",
      "type": "azurerm_virtual_network",
      "name": "web",
      "provider": "provider[\"registry.terraform.io/hashicorp/azurerm\"]",
      "instances": [
        {
          "schema_version": 0,
          "attributes": {
            "address_space": [
              "10.0.0.0/16"
            ],
            "bgp_community": "",
            "ddos_protection_plan": [],
            "dns_servers": [],
            "edge_zone": "",
            "encryption": [],
            "flow_timeout_in_minutes": 0,
            "guid": "e7ab375b-7e09-4995-a210-983e38b12ebd",
            "id": "/subscriptions/4f2706c2-4cdd-462f-a8fa-cf54d7b34282/resourceGroups/web-resources/providers/Microsoft.Network/virtualNetworks/web-network",
            "location": "eastus",
            "name": "web-network",
            "resource_group_name": "web-resources",
            "subnet": [
              {
                "address_prefix": "10.0.1.0/24",
                "id": "/subscriptions/4f2706c2-4cdd-462f-a8fa-cf54d7b34282/resourceGroups/web-resources/providers/Microsoft.Network/virtualNetworks/web-network/subnets/internal",
                "name": "internal",
                "security_group": ""
              }
            ],
            "tags": {},
            "timeouts": null
          },
          "sensitive_attributes": [],
          "private": "eyJlMmJmYjczMC1lY2FhLTExZTYtOGY4OC0zNDM2M2JjN2M0YzAiOnsiY3JlYXRlIjoxODAwMDAwMDAwMDAwLCJkZWxldGUiOjE4MDAwMDAwMDAwMDAsInJlYWQiOjMwMDAwMDAwMDAwMCwidXBkYXRlIjoxODAwMDAwMDAwMDAwfX0=",
          "dependencies": [
            "azurerm_resource_group.web"
          ]
        }
      ]
    }
  ],
  "check_results": null
}
